
Microsoft Visual Studio Solution File, Format Version 12.00
# Visual Studio Version 16
VisualStudioVersion = 16.0.31205.134
MinimumVisualStudioVersion = 10.0.40219.1
Project("{FAE04EC0-301F-11D3-BF4B-00C04F79EFBC}") = "ToDoApp", "ToDoApp\ToDoApp.csproj", "{FAD42741-7F02-470F-8BC1-FADC6C786FA5}"
EndProject
Project("{FAE04EC0-301F-11D3-BF4B-00C04F79EFBC}") = "TestProjectToDoApp", "TestProjectToDoApp\TestProjectToDoApp.csproj", "{59048001-4855-4200-8609-917667481C9A}"
EndProject
Global
	GlobalSection(SolutionConfigurationPlatforms) = preSolution
		Debug|Any CPU = Debug|Any CPU
		Release|Any CPU = Release|Any CPU
	EndGlobalSection
	GlobalSection(ProjectConfigurationPlatforms) = postSolution
		{FAD42741-7F02-470F-8BC1-FADC6C786FA5}.Debug|Any CPU.ActiveCfg = Debug|Any CPU
		{FAD42741-7F02-470F-8BC1-FADC6C786FA5}.Debug|Any CPU.Build.0 = Debug|Any CPU
		{FAD42741-7F02-470F-8BC1-FADC6C786FA5}.Release|Any CPU.ActiveCfg = Release|Any CPU
		{FAD42741-7F02-470F-8BC1-FADC6C786FA5}.Release|Any CPU.Build.0 = Release|Any CPU
		{59048001-4855-4200-8609-917667481C9A}.Debug|Any CPU.ActiveCfg = Debug|Any CPU
		{59048001-4855-4200-8609-917667481C9A}.Debug|Any CPU.Build.0 = Debug|Any CPU
		{59048001-4855-4200-8609-917667481C9A}.Release|Any CPU.ActiveCfg = Release|Any CPU
		{59048001-4855-4200-8609-917667481C9A}.Release|Any CPU.Build.0 = Release|Any CPU
	EndGlobalSection
	GlobalSection(SolutionProperties) = preSolution
		HideSolutionNode = FALSE
	EndGlobalSection
	GlobalSection(ExtensibilityGlobals) = postSolution
		SolutionGuid = {6ADD874C-81E2-470D-92F9-424DEF18C09B}
	EndGlobalSection
EndGlobal
